// !$*UTF8*$!
{
	archiveVersion = 1;
	classes = {
	};
	objectVersion = 77;
	objects = {

/* Begin PBXBuildFile section */
		7B5547812EDB40F9002F1D56 /* GRDB in Frameworks */ = {isa = PBXBuildFile; productRef = 7B5547802EDB40F9002F1D56 /* GRDB */; };
		7B5547BA2EDE87E5002F1D56 /* KeyboardShortcuts in Frameworks */ = {isa = PBXBuildFile; productRef = 7B5547B92EDE87E5002F1D56 /* KeyboardShortcuts */; };
/* End PBXBuildFile section */

/* Begin PBXContainerItemProxy section */
		7B5547632EDB40C5002F1D56 /* PBXContainerItemProxy */ = {
			isa = PBXContainerItemProxy;
			containerPortal = 7B55474D2EDB40C5002F1D56 /* Project object */;
			proxyType = 1;
			remoteGlobalIDString = 7B5547542EDB40C5002F1D56;
			remoteInfo = Clipline;
		};
		7B55476D2EDB40C5002F1D56 /* PBXContainerItemProxy */ = {
			isa = PBXContainerItemProxy;
			containerPortal = 7B55474D2EDB40C5002F1D56 /* Project object */;
			proxyType = 1;
			remoteGlobalIDString = 7B5547542EDB40C5002F1D56;
			remoteInfo = Clipline;
		};
/* End PBXContainerItemProxy section */

/* Begin PBXFileReference section */
		7B5547552EDB40C5002F1D56 /* Clipline.app */ = {isa = PBXFileReference; explicitFileType = wrapper.application; includeInIndex = 0; path = Clipline.app; sourceTree = BUILT_PRODUCTS_DIR; };
		7B5547622EDB40C5002F1D56 /* CliplineTests.xctest */ = {isa = PBXFileReference; explicitFileType = wrapper.cfbundle; includeInIndex = 0; path = CliplineTests.xctest; sourceTree = BUILT_PRODUCTS_DIR; };
		7B55476C2EDB40C5002F1D56 /* CliplineUITests.xctest */ = {isa = PBXFileReference; explicitFileType = wrapper.cfbundle; includeInIndex = 0; path = CliplineUITests.xctest; sourceTree = BUILT_PRODUCTS_DIR; };
/* End PBXFileReference section */

/* Begin PBXFileSystemSynchronizedRootGroup section */
		7B5547572EDB40C5002F1D56 /* Clipline */ = {
			isa = PBXFileSystemSynchronizedRootGroup;
			path = Clipline;
			sourceTree = "<group>";
		};
		7B5547652EDB40C5002F1D56 /* CliplineTests */ = {
			isa = PBXFileSystemSynchronizedRootGroup;
			path = CliplineTests;
			sourceTree = "<group>";
		};
		7B55476F2EDB40C5002F1D56 /* CliplineUITests */ = {
			isa = PBXFileSystemSynchronizedRootGroup;
			path = CliplineUITests;
			sourceTree = "<group>";
		};
/* End PBXFileSystemSynchronizedRootGroup section */

/* Begin PBXFrameworksBuildPhase section */
		7B5547522EDB40C5002F1D56 /* Frameworks */ = {
			isa = PBXFrameworksBuildPhase;
			buildActionMask = 2147483647;
			files = (
				7B5547812EDB40F9002F1D56 /* GRDB in Frameworks */,
				7B5547BA2EDE87E5002F1D56 /* KeyboardShortcuts in Frameworks */,
			);
			runOnlyForDeploymentPostprocessing = 0;
		};
		7B55475F2EDB40C5002F1D56 /* Frameworks */ = {
			isa = PBXFrameworksBuildPhase;
			buildActionMask = 2147483647;
			files = (
			);
			runOnlyForDeploymentPostprocessing = 0;
		};
		7B5547692EDB40C5002F1D56 /* Frameworks */ = {
			isa = PBXFrameworksBuildPhase;
			buildActionMask = 2147483647;
			files = (
			);
			runOnlyForDeploymentPostprocessing = 0;
		};
/* End PBXFrameworksBuildPhase section */

/* Begin PBXGroup section */
		7B55474C2EDB40C5002F1D56 = {
			isa = PBXGroup;
			children = (
				7B5547572EDB40C5002F1D56 /* Clipline */,
				7B5547652EDB40C5002F1D56 /* CliplineTests */,
				7B55476F2EDB40C5002F1D56 /* CliplineUITests */,
				7B5547562EDB40C5002F1D56 /* Products */,
			);
			sourceTree = "<group>";
		};
		7B5547562EDB40C5002F1D56 /* Products */ = {
			isa = PBXGroup;
			children = (
				7B5547552EDB40C5002F1D56 /* Clipline.app */,
				7B5547622EDB40C5002F1D56 /* CliplineTests.xctest */,
				7B55476C2EDB40C5002F1D56 /* CliplineUITests.xctest */,
			);
			name = Products;
			sourceTree = "<group>";
		};
/* End PBXGroup section */

/* Begin PBXNativeTarget section */
		7B5547542EDB40C5002F1D56 /* Clipline */ = {
			isa = PBXNativeTarget;
			buildConfigurationList = 7B5547762EDB40C5002F1D56 /* Build configuration list for PBXNativeTarget "Clipline" */;
			buildPhases = (
				7B5547512EDB40C5002F1D56 /* Sources */,
				7B5547522EDB40C5002F1D56 /* Frameworks */,
				7B5547532EDB40C5002F1D56 /* Resources */,
			);
			buildRules = (
			);
			dependencies = (
			);
			fileSystemSynchronizedGroups = (
				7B5547572EDB40C5002F1D56 /* Clipline */,
			);
			name = Clipline;
			packageProductDependencies = (
				7B5547802EDB40F9002F1D56 /* GRDB */,
				7B5547B92EDE87E5002F1D56 /* KeyboardShortcuts */,
			);
			productName = Clipline;
			productReference = 7B5547552EDB40C5002F1D56 /* Clipline.app */;
			productType = "com.apple.product-type.application";
		};
		7B5547612EDB40C5002F1D56 /* CliplineTests */ = {
			isa = PBXNativeTarget;
			buildConfigurationList = 7B5547792EDB40C5002F1D56 /* Build configuration list for PBXNativeTarget "CliplineTests" */;
			buildPhases = (
				7B55475E2EDB40C5002F1D56 /* Sources */,
				7B55475F2EDB40C5002F1D56 /* Frameworks */,
				7B5547602EDB40C5002F1D56 /* Resources */,
			);
			buildRules = (
			);
			dependencies = (
				7B5547642EDB40C5002F1D56 /* PBXTargetDependency */,
			);
			fileSystemSynchronizedGroups = (
				7B5547652EDB40C5002F1D56 /* CliplineTests */,
			);
			name = CliplineTests;
			packageProductDependencies = (
			);
			productName = CliplineTests;
			productReference = 7B5547622EDB40C5002F1D56 /* CliplineTests.xctest */;
			productType = "com.apple.product-type.bundle.unit-test";
		};
		7B55476B2EDB40C5002F1D56 /* CliplineUITests */ = {
			isa = PBXNativeTarget;
			buildConfigurationList = 7B55477C2EDB40C5002F1D56 /* Build configuration list for PBXNativeTarget "CliplineUITests" */;
			buildPhases = (
				7B5547682EDB40C5002F1D56 /* Sources */,
				7B5547692EDB40C5002F1D56 /* Frameworks */,
				7B55476A2EDB40C5002F1D56 /* Resources */,
			);
			buildRules = (
			);
			dependencies = (
				7B55476E2EDB40C5002F1D56 /* PBXTargetDependency */,
			);
			fileSystemSynchronizedGroups = (
				7B55476F2EDB40C5002F1D56 /* CliplineUITests */,
			);
			name = CliplineUITests;
			packageProductDependencies = (
			);
			productName = CliplineUITests;
			productReference = 7B55476C2EDB40C5002F1D56 /* CliplineUITests.xctest */;
			productType = "com.apple.product-type.bundle.ui-testing";
		};
/* End PBXNativeTarget section */

/* Begin PBXProject section */
		7B55474D2EDB40C5002F1D56 /* Project object */ = {
			isa = PBXProject;
			attributes = {
				BuildIndependentTargetsInParallel = 1;
				LastSwiftUpdateCheck = 2600;
				LastUpgradeCheck = 2600;
				TargetAttributes = {
					7B5547542EDB40C5002F1D56 = {
						CreatedOnToolsVersion = 26.0;
					};
					7B5547612EDB40C5002F1D56 = {
						CreatedOnToolsVersion = 26.0;
						TestTargetID = 7B5547542EDB40C5002F1D56;
					};
					7B55476B2EDB40C5002F1D56 = {
						CreatedOnToolsVersion = 26.0;
						TestTargetID = 7B5547542EDB40C5002F1D56;
					};
				};
			};
			buildConfigurationList = 7B5547502EDB40C5002F1D56 /* Build configuration list for PBXProject "Clipline" */;
			developmentRegion = en;
			hasScannedForEncodings = 0;
			knownRegions = (
				en,
				Base,
				"zh-Hans",
			);
			mainGroup = 7B55474C2EDB40C5002F1D56;
			minimizedProjectReferenceProxies = 1;
			packageReferences = (
				7B55477F2EDB40F9002F1D56 /* XCRemoteSwiftPackageReference "GRDB.swift" */,
				7B5547B82EDE87E5002F1D56 /* XCRemoteSwiftPackageReference "KeyboardShortcuts" */,
			);
			preferredProjectObjectVersion = 77;
			productRefGroup = 7B5547562EDB40C5002F1D56 /* Products */;
			projectDirPath = "";
			projectRoot = "";
			targets = (
				7B5547542EDB40C5002F1D56 /* Clipline */,
				7B5547612EDB40C5002F1D56 /* CliplineTests */,
				7B55476B2EDB40C5002F1D56 /* CliplineUITests */,
			);
		};
/* End PBXProject section */

/* Begin PBXResourcesBuildPhase section */
		7B5547532EDB40C5002F1D56 /* Resources */ = {
			isa = PBXResourcesBuildPhase;
			buildActionMask = 2147483647;
			files = (
			);
			runOnlyForDeploymentPostprocessing = 0;
		};
		7B5547602EDB40C5002F1D56 /* Resources */ = {
			isa = PBXResourcesBuildPhase;
			buildActionMask = 2147483647;
			files = (
			);
			runOnlyForDeploymentPostprocessing = 0;
		};
		7B55476A2EDB40C5002F1D56 /* Resources */ = {
			isa = PBXResourcesBuildPhase;
			buildActionMask = 2147483647;
			files = (
			);
			runOnlyForDeploymentPostprocessing = 0;
		};
/* End PBXResourcesBuildPhase section */

/* Begin PBXSourcesBuildPhase section */
		7B5547512EDB40C5002F1D56 /* Sources */ = {
			isa = PBXSourcesBuildPhase;
			buildActionMask = 2147483647;
			files = (
			);
			runOnlyForDeploymentPostprocessing = 0;
		};
		7B55475E2EDB40C5002F1D56 /* Sources */ = {
			isa = PBXSourcesBuildPhase;
			buildActionMask = 2147483647;
			files = (
			);
			runOnlyForDeploymentPostprocessing = 0;
		};
		7B5547682EDB40C5002F1D56 /* Sources */ = {
			isa = PBXSourcesBuildPhase;
			buildActionMask = 2147483647;
			files = (
			);
			runOnlyForDeploymentPostprocessing = 0;
		};
/* End PBXSourcesBuildPhase section */

/* Begin PBXTargetDependency section */
		7B5547642EDB40C5002F1D56 /* PBXTargetDependency */ = {
			isa = PBXTargetDependency;
			target = 7B5547542EDB40C5002F1D56 /* Clipline */;
			targetProxy = 7B5547632EDB40C5002F1D56 /* PBXContainerItemProxy */;
		};
		7B55476E2EDB40C5002F1D56 /* PBXTargetDependency */ = {
			isa = PBXTargetDependency;
			target = 7B5547542EDB40C5002F1D56 /* Clipline */;
			targetProxy = 7B55476D2EDB40C5002F1D56 /* PBXContainerItemProxy */;
		};
/* End PBXTargetDependency section */

/* Begin XCBuildConfiguration section */
		7B5547742EDB40C5002F1D56 /* Debug */ = {
			isa = XCBuildConfiguration;
			buildSettings = {
				ALWAYS_SEARCH_USER_PATHS = NO;
				ASSETCATALOG_COMPILER_GENERATE_SWIFT_ASSET_SYMBOL_EXTENSIONS = YES;
				CLANG_ANALYZER_NONNULL = YES;
				CLANG_ANALYZER_NUMBER_OBJECT_CONVERSION = YES_AGGRESSIVE;
				CLANG_CXX_LANGUAGE_STANDARD = "gnu++20";
				CLANG_ENABLE_MODULES = YES;
				CLANG_ENABLE_OBJC_ARC = YES;
				CLANG_ENABLE_OBJC_WEAK = YES;
				CLANG_WARN_BLOCK_CAPTURE_AUTORELEASING = YES;
				CLANG_WARN_BOOL_CONVERSION = YES;
				CLANG_WARN_COMMA = YES;
				CLANG_WARN_CONSTANT_CONVERSION = YES;
				CLANG_WARN_DEPRECATED_OBJC_IMPLEMENTATIONS = YES;
				CLANG_WARN_DIRECT_OBJC_ISA_USAGE = YES_ERROR;
				CLANG_WARN_DOCUMENTATION_COMMENTS = YES;
				CLANG_WARN_EMPTY_BODY = YES;
				CLANG_WARN_ENUM_CONVERSION = YES;
				CLANG_WARN_INFINITE_RECURSION = YES;
				CLANG_WARN_INT_CONVERSION = YES;
				CLANG_WARN_NON_LITERAL_NULL_CONVERSION = YES;
				CLANG_WARN_OBJC_IMPLICIT_RETAIN_SELF = YES;
				CLANG_WARN_OBJC_LITERAL_CONVERSION = YES;
				CLANG_WARN_OBJC_ROOT_CLASS = YES_ERROR;
				CLANG_WARN_QUOTED_INCLUDE_IN_FRAMEWORK_HEADER = YES;
				CLANG_WARN_RANGE_LOOP_ANALYSIS = YES;
				CLANG_WARN_STRICT_PROTOTYPES = YES;
				CLANG_WARN_SUSPICIOUS_MOVE = YES;
				CLANG_WARN_UNGUARDED_AVAILABILITY = YES_AGGRESSIVE;
				CLANG_WARN_UNREACHABLE_CODE = YES;
				CLANG_WARN__DUPLICATE_METHOD_MATCH = YES;
				COPY_PHASE_STRIP = NO;
				DEBUG_INFORMATION_FORMAT = dwarf;
				ENABLE_STRICT_OBJC_MSGSEND = YES;
				ENABLE_TESTABILITY = YES;
				ENABLE_USER_SCRIPT_SANDBOXING = YES;
				GCC_C_LANGUAGE_STANDARD = gnu17;
				GCC_DYNAMIC_NO_PIC = NO;
				GCC_NO_COMMON_BLOCKS = YES;
				GCC_OPTIMIZATION_LEVEL = 0;
				GCC_PREPROCESSOR_DEFINITIONS = (
					"DEBUG=1",
					"$(inherited)",
				);
				GCC_WARN_64_TO_32_BIT_CONVERSION = YES;
				GCC_WARN_ABOUT_RETURN_TYPE = YES_ERROR;
				GCC_WARN_UNDECLARED_SELECTOR = YES;
				GCC_WARN_UNINITIALIZED_AUTOS = YES_AGGRESSIVE;
				GCC_WARN_UNUSED_FUNCTION = YES;
				GCC_WARN_UNUSED_VARIABLE = YES;
				LOCALIZATION_PREFERS_STRING_CATALOGS = YES;
				MACOSX_DEPLOYMENT_TARGET = 26.0;
				MTL_ENABLE_DEBUG_INFO = INCLUDE_SOURCE;
				MTL_FAST_MATH = YES;
				ONLY_ACTIVE_ARCH = YES;
				SDKROOT = macosx;
				SWIFT_ACTIVE_COMPILATION_CONDITIONS = "DEBUG $(inherited)";
				SWIFT_EMIT_LOC_STRINGS = YES;
				SWIFT_OPTIMIZATION_LEVEL = "-Onone";
			};
			name = Debug;
		};
		7B5547752EDB40C5002F1D56 /* Release */ = {
			isa = XCBuildConfiguration;
			buildSettings = {
				ALWAYS_SEARCH_USER_PATHS = NO;
				ASSETCATALOG_COMPILER_GENERATE_SWIFT_ASSET_SYMBOL_EXTENSIONS = YES;
				CLANG_ANALYZER_NONNULL = YES;
				CLANG_ANALYZER_NUMBER_OBJECT_CONVERSION = YES_AGGRESSIVE;
				CLANG_CXX_LANGUAGE_STANDARD = "gnu++20";
				CLANG_ENABLE_MODULES = YES;
				CLANG_ENABLE_OBJC_ARC = YES;
				CLANG_ENABLE_OBJC_WEAK = YES;
				CLANG_WARN_BLOCK_CAPTURE_AUTORELEASING = YES;
				CLANG_WARN_BOOL_CONVERSION = YES;
				CLANG_WARN_COMMA = YES;
				CLANG_WARN_CONSTANT_CONVERSION = YES;
				CLANG_WARN_DEPRECATED_OBJC_IMPLEMENTATIONS = YES;
				CLANG_WARN_DIRECT_OBJC_ISA_USAGE = YES_ERROR;
				CLANG_WARN_DOCUMENTATION_COMMENTS = YES;
				CLANG_WARN_EMPTY_BODY = YES;
				CLANG_WARN_ENUM_CONVERSION = YES;
				CLANG_WARN_INFINITE_RECURSION = YES;
				CLANG_WARN_INT_CONVERSION = YES;
				CLANG_WARN_NON_LITERAL_NULL_CONVERSION = YES;
				CLANG_WARN_OBJC_IMPLICIT_RETAIN_SELF = YES;
				CLANG_WARN_OBJC_LITERAL_CONVERSION = YES;
				CLANG_WARN_OBJC_ROOT_CLASS = YES_ERROR;
				CLANG_WARN_QUOTED_INCLUDE_IN_FRAMEWORK_HEADER = YES;
				CLANG_WARN_RANGE_LOOP_ANALYSIS = YES;
				CLANG_WARN_STRICT_PROTOTYPES = YES;
				CLANG_WARN_SUSPICIOUS_MOVE = YES;
				CLANG_WARN_UNGUARDED_AVAILABILITY = YES_AGGRESSIVE;
				CLANG_WARN_UNREACHABLE_CODE = YES;
				CLANG_WARN__DUPLICATE_METHOD_MATCH = YES;
				COPY_PHASE_STRIP = NO;
				DEBUG_INFORMATION_FORMAT = "dwarf-with-dsym";
				ENABLE_NS_ASSERTIONS = NO;
				ENABLE_STRICT_OBJC_MSGSEND = YES;
				ENABLE_USER_SCRIPT_SANDBOXING = YES;
				GCC_C_LANGUAGE_STANDARD = gnu17;
				GCC_NO_COMMON_BLOCKS = YES;
				GCC_WARN_64_TO_32_BIT_CONVERSION = YES;
				GCC_WARN_ABOUT_RETURN_TYPE = YES_ERROR;
				GCC_WARN_UNDECLARED_SELECTOR = YES;
				GCC_WARN_UNINITIALIZED_AUTOS = YES_AGGRESSIVE;
				GCC_WARN_UNUSED_FUNCTION = YES;
				GCC_WARN_UNUSED_VARIABLE = YES;
				LOCALIZATION_PREFERS_STRING_CATALOGS = YES;
				MACOSX_DEPLOYMENT_TARGET = 26.0;
				MTL_ENABLE_DEBUG_INFO = NO;
				MTL_FAST_MATH = YES;
				SDKROOT = macosx;
				SWIFT_COMPILATION_MODE = wholemodule;
				SWIFT_EMIT_LOC_STRINGS = YES;
			};
			name = Release;
		};
		7B5547772EDB40C5002F1D56 /* Debug */ = {
			isa = XCBuildConfiguration;
			buildSettings = {
				ASSETCATALOG_COMPILER_APPICON_NAME = AppIcon;
				ASSETCATALOG_COMPILER_GLOBAL_ACCENT_COLOR_NAME = AccentColor;
				CODE_SIGN_STYLE = Automatic;
				COMBINE_HIDPI_IMAGES = YES;
				CURRENT_PROJECT_VERSION = 1;
				ENABLE_APP_SANDBOX = YES;
				ENABLE_PREVIEWS = YES;
				ENABLE_USER_SELECTED_FILES = readonly;
				GENERATE_INFOPLIST_FILE = YES;
				INFOPLIST_KEY_NSHumanReadableCopyright = "";
				LD_RUNPATH_SEARCH_PATHS = (
					"$(inherited)",
					"@executable_path/../Frameworks",
				);
				MARKETING_VERSION = 1.0;
				PRODUCT_BUNDLE_IDENTIFIER = com.mazenjay.Clipline;
				PRODUCT_NAME = "$(TARGET_NAME)";
				REGISTER_APP_GROUPS = YES;
				STRING_CATALOG_GENERATE_SYMBOLS = YES;
				SWIFT_APPROACHABLE_CONCURRENCY = YES;
				SWIFT_DEFAULT_ACTOR_ISOLATION = MainActor;
				SWIFT_EMIT_LOC_STRINGS = YES;
				SWIFT_UPCOMING_FEATURE_MEMBER_IMPORT_VISIBILITY = YES;
				SWIFT_VERSION = 5.0;
			};
			name = Debug;
		};
		7B5547782EDB40C5002F1D56 /* Release */ = {
			isa = XCBuildConfiguration;
			buildSettings = {
				ASSETCATALOG_COMPILER_APPICON_NAME = AppIcon;
				ASSETCATALOG_COMPILER_GLOBAL_ACCENT_COLOR_NAME = AccentColor;
				CODE_SIGN_STYLE = Automatic;
				COMBINE_HIDPI_IMAGES = YES;
				CURRENT_PROJECT_VERSION = 1;
				ENABLE_APP_SANDBOX = YES;
				ENABLE_PREVIEWS = YES;
				ENABLE_USER_SELECTED_FILES = readonly;
				GENERATE_INFOPLIST_FILE = YES;
				INFOPLIST_KEY_NSHumanReadableCopyright = "";
				LD_RUNPATH_SEARCH_PATHS = (
					"$(inherited)",
					"@executable_path/../Frameworks",
				);
				MARKETING_VERSION = 1.0;
				PRODUCT_BUNDLE_IDENTIFIER = com.mazenjay.Clipline;
				PRODUCT_NAME = "$(TARGET_NAME)";
				REGISTER_APP_GROUPS = YES;
				STRING_CATALOG_GENERATE_SYMBOLS = YES;
				SWIFT_APPROACHABLE_CONCURRENCY = YES;
				SWIFT_DEFAULT_ACTOR_ISOLATION = MainActor;
				SWIFT_EMIT_LOC_STRINGS = YES;
				SWIFT_UPCOMING_FEATURE_MEMBER_IMPORT_VISIBILITY = YES;
				SWIFT_VERSION = 5.0;
			};
			name = Release;
		};
		7B55477A2EDB40C5002F1D56 /* Debug */ = {
			isa = XCBuildConfiguration;
			buildSettings = {
				BUNDLE_LOADER = "$(TEST_HOST)";
				CODE_SIGN_STYLE = Automatic;
				CURRENT_PROJECT_VERSION = 1;
				GENERATE_INFOPLIST_FILE = YES;
				MACOSX_DEPLOYMENT_TARGET = 26.0;
				MARKETING_VERSION = 1.0;
				PRODUCT_BUNDLE_IDENTIFIER = com.mazenjay.CliplineTests;
				PRODUCT_NAME = "$(TARGET_NAME)";
				STRING_CATALOG_GENERATE_SYMBOLS = NO;
				SWIFT_APPROACHABLE_CONCURRENCY = YES;
				SWIFT_EMIT_LOC_STRINGS = NO;
				SWIFT_UPCOMING_FEATURE_MEMBER_IMPORT_VISIBILITY = YES;
				SWIFT_VERSION = 5.0;
				TEST_HOST = "$(BUILT_PRODUCTS_DIR)/Clipline.app/$(BUNDLE_EXECUTABLE_FOLDER_PATH)/Clipline";
			};
			name = Debug;
		};
		7B55477B2EDB40C5002F1D56 /* Release */ = {
			isa = XCBuildConfiguration;
			buildSettings = {
				BUNDLE_LOADER = "$(TEST_HOST)";
				CODE_SIGN_STYLE = Automatic;
				CURRENT_PROJECT_VERSION = 1;
				GENERATE_INFOPLIST_FILE = YES;
				MACOSX_DEPLOYMENT_TARGET = 26.0;
				MARKETING_VERSION = 1.0;
				PRODUCT_BUNDLE_IDENTIFIER = com.mazenjay.CliplineTests;
				PRODUCT_NAME = "$(TARGET_NAME)";
				STRING_CATALOG_GENERATE_SYMBOLS = NO;
				SWIFT_APPROACHABLE_CONCURRENCY = YES;
				SWIFT_EMIT_LOC_STRINGS = NO;
				SWIFT_UPCOMING_FEATURE_MEMBER_IMPORT_VISIBILITY = YES;
				SWIFT_VERSION = 5.0;
				TEST_HOST = "$(BUILT_PRODUCTS_DIR)/Clipline.app/$(BUNDLE_EXECUTABLE_FOLDER_PATH)/Clipline";
			};
			name = Release;
		};
		7B55477D2EDB40C5002F1D56 /* Debug */ = {
			isa = XCBuildConfiguration;
			buildSettings = {
				CODE_SIGN_STYLE = Automatic;
				CURRENT_PROJECT_VERSION = 1;
				GENERATE_INFOPLIST_FILE = YES;
				MARKETING_VERSION = 1.0;
				PRODUCT_BUNDLE_IDENTIFIER = com.mazenjay.CliplineUITests;
				PRODUCT_NAME = "$(TARGET_NAME)";
				STRING_CATALOG_GENERATE_SYMBOLS = NO;
				SWIFT_APPROACHABLE_CONCURRENCY = YES;
				SWIFT_EMIT_LOC_STRINGS = NO;
				SWIFT_UPCOMING_FEATURE_MEMBER_IMPORT_VISIBILITY = YES;
				SWIFT_VERSION = 5.0;
				TEST_TARGET_NAME = Clipline;
			};
			name = Debug;
		};
		7B55477E2EDB40C5002F1D56 /* Release */ = {
			isa = XCBuildConfiguration;
			buildSettings = {
				CODE_SIGN_STYLE = Automatic;
				CURRENT_PROJECT_VERSION = 1;
				GENERATE_INFOPLIST_FILE = YES;
				MARKETING_VERSION = 1.0;
				PRODUCT_BUNDLE_IDENTIFIER = com.mazenjay.CliplineUITests;
				PRODUCT_NAME = "$(TARGET_NAME)";
				STRING_CATALOG_GENERATE_SYMBOLS = NO;
				SWIFT_APPROACHABLE_CONCURRENCY = YES;
				SWIFT_EMIT_LOC_STRINGS = NO;
				SWIFT_UPCOMING_FEATURE_MEMBER_IMPORT_VISIBILITY = YES;
				SWIFT_VERSION = 5.0;
				TEST_TARGET_NAME = Clipline;
			};
			name = Release;
		};
/* End XCBuildConfiguration section */

/* Begin XCConfigurationList section */
		7B5547502EDB40C5002F1D56 /* Build configuration list for PBXProject "Clipline" */ = {
			isa = XCConfigurationList;
			buildConfigurations = (
				7B5547742EDB40C5002F1D56 /* Debug */,
				7B5547752EDB40C5002F1D56 /* Release */,
			);
			defaultConfigurationIsVisible = 0;
			defaultConfigurationName = Release;
		};
		7B5547762EDB40C5002F1D56 /* Build configuration list for PBXNativeTarget "Clipline" */ = {
			isa = XCConfigurationList;
			buildConfigurations = (
				7B5547772EDB40C5002F1D56 /* Debug */,
				7B5547782EDB40C5002F1D56 /* Release */,
			);
			defaultConfigurationIsVisible = 0;
			defaultConfigurationName = Release;
		};
		7B5547792EDB40C5002F1D56 /* Build configuration list for PBXNativeTarget "CliplineTests" */ = {
			isa = XCConfigurationList;
			buildConfigurations = (
				7B55477A2EDB40C5002F1D56 /* Debug */,
				7B55477B2EDB40C5002F1D56 /* Release */,
			);
			defaultConfigurationIsVisible = 0;
			defaultConfigurationName = Release;
		};
		7B55477C2EDB40C5002F1D56 /* Build configuration list for PBXNativeTarget "CliplineUITests" */ = {
			isa = XCConfigurationList;
			buildConfigurations = (
				7B55477D2EDB40C5002F1D56 /* Debug */,
				7B55477E2EDB40C5002F1D56 /* Release */,
			);
			defaultConfigurationIsVisible = 0;
			defaultConfigurationName = Release;
		};
/* End XCConfigurationList section */

/* Begin XCRemoteSwiftPackageReference section */
		7B55477F2EDB40F9002F1D56 /* XCRemoteSwiftPackageReference "GRDB.swift" */ = {
			isa = XCRemoteSwiftPackageReference;
			repositoryURL = "https://github.com/groue/GRDB.swift.git";
			requirement = {
				branch = master;
				kind = branch;
			};
		};
		7B5547B82EDE87E5002F1D56 /* XCRemoteSwiftPackageReference "KeyboardShortcuts" */ = {
			isa = XCRemoteSwiftPackageReference;
			repositoryURL = "https://github.com/sindresorhus/KeyboardShortcuts.git";
			requirement = {
				kind = upToNextMajorVersion;
				minimumVersion = 2.4.0;
			};
		};
/* End XCRemoteSwiftPackageReference section */

/* Begin XCSwiftPackageProductDependency section */
		7B5547802EDB40F9002F1D56 /* GRDB */ = {
			isa = XCSwiftPackageProductDependency;
			package = 7B55477F2EDB40F9002F1D56 /* XCRemoteSwiftPackageReference "GRDB.swift" */;
			productName = GRDB;
		};
		7B5547B92EDE87E5002F1D56 /* KeyboardShortcuts */ = {
			isa = XCSwiftPackageProductDependency;
			package = 7B5547B82EDE87E5002F1D56 /* XCRemoteSwiftPackageReference "KeyboardShortcuts" */;
			productName = KeyboardShortcuts;
		};
/* End XCSwiftPackageProductDependency section */
	};
	rootObject = 7B55474D2EDB40C5002F1D56 /* Project object */;
}
